PODS:
  - FlutterMacOS (1.0.0)
  - keychain_access (1.0.4):
    - Flutter
    - FlutterMacOS

DEPENDENCIES:
  - FlutterMacOS (from `Flutter/ephemeral`)
  - keychain_access (from `Flutter/ephemeral/.symlinks/plugins/keychain_access/macos`)

EXTERNAL SOURCES:
  FlutterMacOS:
    :path: Flutter/ephemeral
  keychain_access:
    :path: Flutter/ephemeral/.symlinks/plugins/keychain_access/macos

SPEC CHECKSUMS:
  FlutterMacOS: 8f6f14fa908a6fb3fba0cd85dbd81ec4b251fb24
  keychain_access: b90dfeb754686615f4d4bc80da0129fd2d5949ed

PODFILE CHECKSUM: 236401fc2c932af29a9fcf0e97baeeb2d750d367

COCOAPODS: 1.15.2
